
Microsoft Visual Studio Solution File, Format Version 12.00
# Visual Studio Version 16
VisualStudioVersion = 16.0.29215.179
MinimumVisualStudioVersion = 10.0.40219.1
Project("{FAE04EC0-301F-11D3-BF4B-00C04F79EFBC}") = "HomeBnB", "HomeBnB\HomeBnB.csproj", "{552BF1CA-496D-4165-AE97-C151DDD1D8C4}"
EndProject
Global
	GlobalSection(SolutionConfigurationPlatforms) = preSolution
		Debug|Any CPU = Debug|Any CPU
		Release|Any CPU = Release|Any CPU
	EndGlobalSection
	GlobalSection(ProjectConfigurationPlatforms) = postSolution
		{552BF1CA-496D-4165-AE97-C151DDD1D8C4}.Debug|Any CPU.ActiveCfg = Debug|Any CPU
		{552BF1CA-496D-4165-AE97-C151DDD1D8C4}.Debug|Any CPU.Build.0 = Debug|Any CPU
		{552BF1CA-496D-4165-AE97-C151DDD1D8C4}.Release|Any CPU.ActiveCfg = Release|Any CPU
		{552BF1CA-496D-4165-AE97-C151DDD1D8C4}.Release|Any CPU.Build.0 = Release|Any CPU
	EndGlobalSection
	GlobalSection(SolutionProperties) = preSolution
		HideSolutionNode = FALSE
	EndGlobalSection
	GlobalSection(ExtensibilityGlobals) = postSolution
		SolutionGuid = {F1EF4C97-274E-4A0C-90D7-AA7E2DB8CAAB}
	EndGlobalSection
EndGlobal
