
Microsoft Visual Studio Solution File, Format Version 12.00
# Visual Studio Version 16
VisualStudioVersion = 16.0.29215.179
MinimumVisualStudioVersion = 10.0.40219.1
Project("{FAE04EC0-301F-11D3-BF4B-00C04F79EFBC}") = "HomeBNB", "HomeBNB\HomeBNB.csproj", "{C9EBC0B4-B41B-46A1-A412-3EC3B7BD525D}"
EndProject
Global
	GlobalSection(SolutionConfigurationPlatforms) = preSolution
		Debug|Any CPU = Debug|Any CPU
		Release|Any CPU = Release|Any CPU
	EndGlobalSection
	GlobalSection(ProjectConfigurationPlatforms) = postSolution
		{C9EBC0B4-B41B-46A1-A412-3EC3B7BD525D}.Debug|Any CPU.ActiveCfg = Debug|Any CPU
		{C9EBC0B4-B41B-46A1-A412-3EC3B7BD525D}.Debug|Any CPU.Build.0 = Debug|Any CPU
		{C9EBC0B4-B41B-46A1-A412-3EC3B7BD525D}.Release|Any CPU.ActiveCfg = Release|Any CPU
		{C9EBC0B4-B41B-46A1-A412-3EC3B7BD525D}.Release|Any CPU.Build.0 = Release|Any CPU
	EndGlobalSection
	GlobalSection(SolutionProperties) = preSolution
		HideSolutionNode = FALSE
	EndGlobalSection
	GlobalSection(ExtensibilityGlobals) = postSolution
		SolutionGuid = {489A55A6-0F6C-486B-BB8F-4C2C38202A95}
	EndGlobalSection
EndGlobal
